{
  "name": "iflow2api-node-bridge",
  "version": "1.6.10",
  "lockfileVersion": 3,
  "requires": true,
  "packages": {
    "": {
      "name": "iflow2api-node-bridge",
      "version": "1.6.10",
      "license": "MIT",
      "dependencies": {
        "undici": "7.24.0"
      }
    },
    "node_modules/undici": {
      "version": "7.24.0",
      "resolved": "https://registry.npmmirror.com/undici/-/undici-7.24.0.tgz",
      "integrity": "sha512-jxytwMHhsbdpBXxLAcuu0fzlQeXCNnWdDyRHpvWsUl8vd98UwYdl9YTyn8/HcpcJPC3pwUveefsa3zTxyD/ERg==",
      "license": "MIT",
      "engines": {
        "node": ">=20.18.1"
      }
    }
  }
}
